// !$*UTF8*$!
{
	archiveVersion = 1;
	classes = {
	};
	objectVersion = 46;
	objects = {

/* Begin PBXBuildFile section */
		D20FCD2720229CDA0078E6A7 /* UnityHelper.mm in Sources */ = {isa = PBXBuildFile; fileRef = 5353E3AE1EB93FDC009E5BD8 /* UnityHelper.mm */; };
		D20FCD2820229CDA0078E6A7 /* NDownloader.m in Sources */ = {isa = PBXBuildFile; fileRef = 53EE65B01DB049FA00FFFE04 /* NDownloader.m */; };
		D20FCD2920229CEB0078E6A7 /* UnityHelper.h in CopyFiles */ = {isa = PBXBuildFile; fileRef = 5353E3AD1EB93FDC009E5BD8 /* UnityHelper.h */; };
		D20FCD2A20229CEB0078E6A7 /* NDownloader.h in CopyFiles */ = {isa = PBXBuildFile; fileRef = 53EE65AF1DB049FA00FFFE04 /* NDownloader.h */; };
		D24C6EEC2025003C004C2638 /* NDownloaderTest.m in Sources */ = {isa = PBXBuildFile; fileRef = D24C6EEB2025003C004C2638 /* NDownloaderTest.m */; };
		D24C6EEE2025003C004C2638 /* libiosdownloader.a in Frameworks */ = {isa = PBXBuildFile; fileRef = D20FCD1E20228CF70078E6A7 /* libiosdownloader.a */; };
		DC355B853EF69FAAB59EA155 /* DownloadData.m in Sources */ = {isa = PBXBuildFile; fileRef = DC355E34A5626F81CA051CAA /* DownloadData.m */; };
/* End PBXBuildFile section */

/* Begin PBXContainerItemProxy section */
		D24C6EEF2025003C004C2638 /* PBXContainerItemProxy */ = {
			isa = PBXContainerItemProxy;
			containerPortal = 53EE65A41DB049FA00FFFE04 /* Project object */;
			proxyType = 1;
			remoteGlobalIDString = D20FCD1D20228CF70078E6A7;
			remoteInfo = iosdownloader;
		};
/* End PBXContainerItemProxy section */

/* Begin PBXCopyFilesBuildPhase section */
		D20FCD1C20228CF70078E6A7 /* CopyFiles */ = {
			isa = PBXCopyFilesBuildPhase;
			buildActionMask = 2147483647;
			dstPath = "include/$(PRODUCT_NAME)";
			dstSubfolderSpec = 16;
			files = (
				D20FCD2920229CEB0078E6A7 /* UnityHelper.h in CopyFiles */,
				D20FCD2A20229CEB0078E6A7 /* NDownloader.h in CopyFiles */,
			);
			runOnlyForDeploymentPostprocessing = 0;
		};
/* End PBXCopyFilesBuildPhase section */

/* Begin PBXFileReference section */
		5353E3AD1EB93FDC009E5BD8 /* UnityHelper.h */ = {isa = PBXFileReference; fileEncoding = 4; lastKnownFileType = sourcecode.c.h; name = UnityHelper.h; path = iosdownloader/UnityHelper/UnityHelper.h; sourceTree = "<group>"; };
		5353E3AE1EB93FDC009E5BD8 /* UnityHelper.mm */ = {isa = PBXFileReference; fileEncoding = 4; lastKnownFileType = sourcecode.cpp.objcpp; name = UnityHelper.mm; path = iosdownloader/UnityHelper/UnityHelper.mm; sourceTree = "<group>"; };
		53EE65AF1DB049FA00FFFE04 /* NDownloader.h */ = {isa = PBXFileReference; lastKnownFileType = sourcecode.c.h; path = NDownloader.h; sourceTree = "<group>"; };
		53EE65B01DB049FA00FFFE04 /* NDownloader.m */ = {isa = PBXFileReference; lastKnownFileType = sourcecode.c.objc; path = NDownloader.m; sourceTree = "<group>"; };
		D20FCD1E20228CF70078E6A7 /* libiosdownloader.a */ = {isa = PBXFileReference; explicitFileType = archive.ar; includeInIndex = 0; path = libiosdownloader.a; sourceTree = BUILT_PRODUCTS_DIR; };
		D24C6EE12024FF50004C2638 /* XCTest.framework */ = {isa = PBXFileReference; lastKnownFileType = wrapper.framework; name = XCTest.framework; path = Platforms/iPhoneOS.platform/Developer/Library/Frameworks/XCTest.framework; sourceTree = DEVELOPER_DIR; };
		D24C6EE92025003C004C2638 /* NDownloaderTest.xctest */ = {isa = PBXFileReference; explicitFileType = wrapper.cfbundle; includeInIndex = 0; path = NDownloaderTest.xctest; sourceTree = BUILT_PRODUCTS_DIR; };
		D24C6EEB2025003C004C2638 /* NDownloaderTest.m */ = {isa = PBXFileReference; lastKnownFileType = sourcecode.c.objc; path = NDownloaderTest.m; sourceTree = "<group>"; };
		D24C6EED2025003C004C2638 /* Info.plist */ = {isa = PBXFileReference; lastKnownFileType = text.plist.xml; path = Info.plist; sourceTree = "<group>"; };
		DC355E34A5626F81CA051CAA /* DownloadData.m */ = {isa = PBXFileReference; fileEncoding = 4; lastKnownFileType = sourcecode.c.objc; path = DownloadData.m; sourceTree = "<group>"; };
		DC355F18B52CFD5E982B8C50 /* DownloadData.h */ = {isa = PBXFileReference; fileEncoding = 4; lastKnownFileType = sourcecode.c.h; path = DownloadData.h; sourceTree = "<group>"; };
/* End PBXFileReference section */

/* Begin PBXFrameworksBuildPhase section */
		D20FCD1B20228CF70078E6A7 /* Frameworks */ = {
			isa = PBXFrameworksBuildPhase;
			buildActionMask = 2147483647;
			files = (
			);
			runOnlyForDeploymentPostprocessing = 0;
		};
		D24C6EE62025003C004C2638 /* Frameworks */ = {
			isa = PBXFrameworksBuildPhase;
			buildActionMask = 2147483647;
			files = (
				D24C6EEE2025003C004C2638 /* libiosdownloader.a in Frameworks */,
			);
			runOnlyForDeploymentPostprocessing = 0;
		};
/* End PBXFrameworksBuildPhase section */

/* Begin PBXGroup section */
		5353E3B01EB93FE2009E5BD8 /* UnityHelper */ = {
			isa = PBXGroup;
			children = (
				5353E3AD1EB93FDC009E5BD8 /* UnityHelper.h */,
				5353E3AE1EB93FDC009E5BD8 /* UnityHelper.mm */,
			);
			name = UnityHelper;
			path = ..;
			sourceTree = "<group>";
		};
		53EE65A31DB049FA00FFFE04 = {
			isa = PBXGroup;
			children = (
				53EE65AE1DB049FA00FFFE04 /* iosdownloader */,
				D24C6EEA2025003C004C2638 /* NDownloaderTest */,
				53EE65AD1DB049FA00FFFE04 /* Products */,
				D24C6EE02024FF50004C2638 /* Frameworks */,
			);
			sourceTree = "<group>";
		};
		53EE65AD1DB049FA00FFFE04 /* Products */ = {
			isa = PBXGroup;
			children = (
				D20FCD1E20228CF70078E6A7 /* libiosdownloader.a */,
				D24C6EE92025003C004C2638 /* NDownloaderTest.xctest */,
			);
			name = Products;
			sourceTree = "<group>";
		};
		53EE65AE1DB049FA00FFFE04 /* iosdownloader */ = {
			isa = PBXGroup;
			children = (
				5353E3B01EB93FE2009E5BD8 /* UnityHelper */,
				53EE65AF1DB049FA00FFFE04 /* NDownloader.h */,
				53EE65B01DB049FA00FFFE04 /* NDownloader.m */,
				DC355E34A5626F81CA051CAA /* DownloadData.m */,
				DC355F18B52CFD5E982B8C50 /* DownloadData.h */,
			);
			path = iosdownloader;
			sourceTree = "<group>";
		};
		D24C6EE02024FF50004C2638 /* Frameworks */ = {
			isa = PBXGroup;
			children = (
				D24C6EE12024FF50004C2638 /* XCTest.framework */,
			);
			name = Frameworks;
			sourceTree = "<group>";
		};
		D24C6EEA2025003C004C2638 /* NDownloaderTest */ = {
			isa = PBXGroup;
			children = (
				D24C6EEB2025003C004C2638 /* NDownloaderTest.m */,
				D24C6EED2025003C004C2638 /* Info.plist */,
			);
			path = NDownloaderTest;
			sourceTree = "<group>";
		};
/* End PBXGroup section */

/* Begin PBXNativeTarget section */
		D20FCD1D20228CF70078E6A7 /* iosdownloader */ = {
			isa = PBXNativeTarget;
			buildConfigurationList = D20FCD2420228CF70078E6A7 /* Build configuration list for PBXNativeTarget "iosdownloader" */;
			buildPhases = (
				D20FCD1A20228CF70078E6A7 /* Sources */,
				D20FCD1B20228CF70078E6A7 /* Frameworks */,
				D20FCD1C20228CF70078E6A7 /* CopyFiles */,
			);
			buildRules = (
			);
			dependencies = (
			);
			name = iosdownloader;
			productName = iosdownloader;
			productReference = D20FCD1E20228CF70078E6A7 /* libiosdownloader.a */;
			productType = "com.apple.product-type.library.static";
		};
		D24C6EE82025003C004C2638 /* NDownloaderTest */ = {
			isa = PBXNativeTarget;
			buildConfigurationList = D24C6EF12025003C004C2638 /* Build configuration list for PBXNativeTarget "NDownloaderTest" */;
			buildPhases = (
				D24C6EE52025003C004C2638 /* Sources */,
				D24C6EE62025003C004C2638 /* Frameworks */,
				D24C6EE72025003C004C2638 /* Resources */,
			);
			buildRules = (
			);
			dependencies = (
				D24C6EF02025003C004C2638 /* PBXTargetDependency */,
			);
			name = NDownloaderTest;
			productName = NDownloaderTest;
			productReference = D24C6EE92025003C004C2638 /* NDownloaderTest.xctest */;
			productType = "com.apple.product-type.bundle.unit-test";
		};
/* End PBXNativeTarget section */

/* Begin PBXProject section */
		53EE65A41DB049FA00FFFE04 /* Project object */ = {
			isa = PBXProject;
			attributes = {
				LastUpgradeCheck = 0920;
				ORGANIZATIONNAME = "Keith Miller";
				TargetAttributes = {
					D20FCD1D20228CF70078E6A7 = {
						CreatedOnToolsVersion = 9.2;
						DevelopmentTeam = QKMT9QL887;
						ProvisioningStyle = Automatic;
					};
					D24C6EE82025003C004C2638 = {
						CreatedOnToolsVersion = 9.2;
						DevelopmentTeam = QKMT9QL887;
						ProvisioningStyle = Automatic;
					};
				};
			};
			buildConfigurationList = 53EE65A71DB049FA00FFFE04 /* Build configuration list for PBXProject "iosdownloader" */;
			compatibilityVersion = "Xcode 3.2";
			developmentRegion = English;
			hasScannedForEncodings = 0;
			knownRegions = (
				en,
			);
			mainGroup = 53EE65A31DB049FA00FFFE04;
			productRefGroup = 53EE65AD1DB049FA00FFFE04 /* Products */;
			projectDirPath = "";
			projectRoot = "";
			targets = (
				D20FCD1D20228CF70078E6A7 /* iosdownloader */,
				D24C6EE82025003C004C2638 /* NDownloaderTest */,
			);
		};
/* End PBXProject section */

/* Begin PBXResourcesBuildPhase section */
		D24C6EE72025003C004C2638 /* Resources */ = {
			isa = PBXResourcesBuildPhase;
			buildActionMask = 2147483647;
			files = (
			);
			runOnlyForDeploymentPostprocessing = 0;
		};
/* End PBXResourcesBuildPhase section */

/* Begin PBXSourcesBuildPhase section */
		D20FCD1A20228CF70078E6A7 /* Sources */ = {
			isa = PBXSourcesBuildPhase;
			buildActionMask = 2147483647;
			files = (
				D20FCD2720229CDA0078E6A7 /* UnityHelper.mm in Sources */,
				D20FCD2820229CDA0078E6A7 /* NDownloader.m in Sources */,
				DC355B853EF69FAAB59EA155 /* DownloadData.m in Sources */,
			);
			runOnlyForDeploymentPostprocessing = 0;
		};
		D24C6EE52025003C004C2638 /* Sources */ = {
			isa = PBXSourcesBuildPhase;
			buildActionMask = 2147483647;
			files = (
				D24C6EEC2025003C004C2638 /* NDownloaderTest.m in Sources */,
			);
			runOnlyForDeploymentPostprocessing = 0;
		};
/* End PBXSourcesBuildPhase section */

/* Begin PBXTargetDependency section */
		D24C6EF02025003C004C2638 /* PBXTargetDependency */ = {
			isa = PBXTargetDependency;
			target = D20FCD1D20228CF70078E6A7 /* iosdownloader */;
			targetProxy = D24C6EEF2025003C004C2638 /* PBXContainerItemProxy */;
		};
/* End PBXTargetDependency section */

/* Begin XCBuildConfiguration section */
		53EE65B31DB049FA00FFFE04 /* Debug */ = {
			isa = XCBuildConfiguration;
			buildSettings = {
				ALWAYS_SEARCH_USER_PATHS = NO;
				ARCHS = arm64;
				CLANG_ANALYZER_NONNULL = YES;
				CLANG_CXX_LANGUAGE_STANDARD = "gnu++0x";
				CLANG_CXX_LIBRARY = "libc++";
				CLANG_ENABLE_MODULES = YES;
				CLANG_ENABLE_OBJC_ARC = YES;
				CLANG_WARN_BLOCK_CAPTURE_AUTORELEASING = YES;
				CLANG_WARN_BOOL_CONVERSION = YES;
				CLANG_WARN_COMMA = YES;
				CLANG_WARN_CONSTANT_CONVERSION = YES;
				CLANG_WARN_DIRECT_OBJC_ISA_USAGE = YES_ERROR;
				CLANG_WARN_DOCUMENTATION_COMMENTS = YES;
				CLANG_WARN_EMPTY_BODY = YES;
				CLANG_WARN_ENUM_CONVERSION = YES;
				CLANG_WARN_INFINITE_RECURSION = YES;
				CLANG_WARN_INT_CONVERSION = YES;
				CLANG_WARN_NON_LITERAL_NULL_CONVERSION = YES;
				CLANG_WARN_OBJC_LITERAL_CONVERSION = YES;
				CLANG_WARN_OBJC_ROOT_CLASS = YES_ERROR;
				CLANG_WARN_RANGE_LOOP_ANALYSIS = YES;
				CLANG_WARN_STRICT_PROTOTYPES = YES;
				CLANG_WARN_SUSPICIOUS_MOVE = YES;
				CLANG_WARN_SUSPICIOUS_MOVES = YES;
				CLANG_WARN_UNREACHABLE_CODE = YES;
				CLANG_WARN__DUPLICATE_METHOD_MATCH = YES;
				"CODE_SIGN_IDENTITY[sdk=iphoneos*]" = "iPhone Developer";
				COPY_PHASE_STRIP = NO;
				DEBUG_INFORMATION_FORMAT = dwarf;
				ENABLE_STRICT_OBJC_MSGSEND = YES;
				ENABLE_TESTABILITY = YES;
				GCC_C_LANGUAGE_STANDARD = gnu99;
				GCC_DYNAMIC_NO_PIC = NO;
				GCC_NO_COMMON_BLOCKS = YES;
				GCC_OPTIMIZATION_LEVEL = 0;
				GCC_PREPROCESSOR_DEFINITIONS = (
					"DEBUG=1",
					"$(inherited)",
				);
				GCC_WARN_64_TO_32_BIT_CONVERSION = YES;
				GCC_WARN_ABOUT_RETURN_TYPE = YES_ERROR;
				GCC_WARN_UNDECLARED_SELECTOR = YES;
				GCC_WARN_UNINITIALIZED_AUTOS = YES_AGGRESSIVE;
				GCC_WARN_UNUSED_FUNCTION = YES;
				GCC_WARN_UNUSED_VARIABLE = YES;
				IPHONEOS_DEPLOYMENT_TARGET = 9.0;
				MTL_ENABLE_DEBUG_INFO = YES;
				ONLY_ACTIVE_ARCH = YES;
				SDKROOT = iphoneos;
				VALID_ARCHS = arm64;
			};
			name = Debug;
		};
		53EE65B41DB049FA00FFFE04 /* Release */ = {
			isa = XCBuildConfiguration;
			buildSettings = {
				ALWAYS_SEARCH_USER_PATHS = NO;
				ARCHS = arm64;
				CLANG_ANALYZER_NONNULL = YES;
				CLANG_CXX_LANGUAGE_STANDARD = "gnu++0x";
				CLANG_CXX_LIBRARY = "libc++";
				CLANG_ENABLE_MODULES = YES;
				CLANG_ENABLE_OBJC_ARC = YES;
				CLANG_WARN_BLOCK_CAPTURE_AUTORELEASING = YES;
				CLANG_WARN_BOOL_CONVERSION = YES;
				CLANG_WARN_COMMA = YES;
				CLANG_WARN_CONSTANT_CONVERSION = YES;
				CLANG_WARN_DIRECT_OBJC_ISA_USAGE = YES_ERROR;
				CLANG_WARN_DOCUMENTATION_COMMENTS = YES;
				CLANG_WARN_EMPTY_BODY = YES;
				CLANG_WARN_ENUM_CONVERSION = YES;
				CLANG_WARN_INFINITE_RECURSION = YES;
				CLANG_WARN_INT_CONVERSION = YES;
				CLANG_WARN_NON_LITERAL_NULL_CONVERSION = YES;
				CLANG_WARN_OBJC_LITERAL_CONVERSION = YES;
				CLANG_WARN_OBJC_ROOT_CLASS = YES_ERROR;
				CLANG_WARN_RANGE_LOOP_ANALYSIS = YES;
				CLANG_WARN_STRICT_PROTOTYPES = YES;
				CLANG_WARN_SUSPICIOUS_MOVE = YES;
				CLANG_WARN_SUSPICIOUS_MOVES = YES;
				CLANG_WARN_UNREACHABLE_CODE = YES;
				CLANG_WARN__DUPLICATE_METHOD_MATCH = YES;
				"CODE_SIGN_IDENTITY[sdk=iphoneos*]" = "iPhone Developer";
				COPY_PHASE_STRIP = NO;
				DEBUG_INFORMATION_FORMAT = dwarf;
				ENABLE_NS_ASSERTIONS = NO;
				ENABLE_STRICT_OBJC_MSGSEND = YES;
				GCC_C_LANGUAGE_STANDARD = gnu99;
				GCC_NO_COMMON_BLOCKS = YES;
				GCC_WARN_64_TO_32_BIT_CONVERSION = YES;
				GCC_WARN_ABOUT_RETURN_TYPE = YES_ERROR;
				GCC_WARN_UNDECLARED_SELECTOR = YES;
				GCC_WARN_UNINITIALIZED_AUTOS = YES_AGGRESSIVE;
				GCC_WARN_UNUSED_FUNCTION = YES;
				GCC_WARN_UNUSED_VARIABLE = YES;
				IPHONEOS_DEPLOYMENT_TARGET = 9.0;
				MTL_ENABLE_DEBUG_INFO = NO;
				ONLY_ACTIVE_ARCH = YES;
				SDKROOT = iphoneos;
				VALIDATE_PRODUCT = YES;
				VALID_ARCHS = arm64;
			};
			name = Release;
		};
		D20FCD2520228CF70078E6A7 /* Debug */ = {
			isa = XCBuildConfiguration;
			buildSettings = {
				CLANG_ANALYZER_NUMBER_OBJECT_CONVERSION = YES_AGGRESSIVE;
				CLANG_CXX_LANGUAGE_STANDARD = "gnu++14";
				CLANG_WARN_UNGUARDED_AVAILABILITY = YES_AGGRESSIVE;
				CODE_SIGN_IDENTITY = "iPhone Developer";
				CODE_SIGN_STYLE = Automatic;
				DEVELOPMENT_TEAM = QKMT9QL887;
				GCC_C_LANGUAGE_STANDARD = gnu11;
				IPHONEOS_DEPLOYMENT_TARGET = 11.2;
				OTHER_LDFLAGS = "-ObjC";
				PRODUCT_NAME = "$(TARGET_NAME)";
				SKIP_INSTALL = YES;
				TARGETED_DEVICE_FAMILY = "1,2";
				VALID_ARCHS = arm64;
			};
			name = Debug;
		};
		D20FCD2620228CF70078E6A7 /* Release */ = {
			isa = XCBuildConfiguration;
			buildSettings = {
				CLANG_ANALYZER_NUMBER_OBJECT_CONVERSION = YES_AGGRESSIVE;
				CLANG_CXX_LANGUAGE_STANDARD = "gnu++14";
				CLANG_WARN_UNGUARDED_AVAILABILITY = YES_AGGRESSIVE;
				CODE_SIGN_IDENTITY = "iPhone Developer";
				CODE_SIGN_STYLE = Automatic;
				DEBUG_INFORMATION_FORMAT = "dwarf-with-dsym";
				DEVELOPMENT_TEAM = QKMT9QL887;
				GCC_C_LANGUAGE_STANDARD = gnu11;
				IPHONEOS_DEPLOYMENT_TARGET = 11.2;
				OTHER_LDFLAGS = "-ObjC";
				PRODUCT_NAME = "$(TARGET_NAME)";
				SKIP_INSTALL = YES;
				TARGETED_DEVICE_FAMILY = "1,2";
				VALID_ARCHS = arm64;
			};
			name = Release;
		};
		D24C6EF22025003C004C2638 /* Debug */ = {
			isa = XCBuildConfiguration;
			buildSettings = {
				CLANG_ANALYZER_NUMBER_OBJECT_CONVERSION = YES_AGGRESSIVE;
				CLANG_CXX_LANGUAGE_STANDARD = "gnu++14";
				CLANG_WARN_UNGUARDED_AVAILABILITY = YES_AGGRESSIVE;
				CODE_SIGN_IDENTITY = "iPhone Developer";
				CODE_SIGN_STYLE = Automatic;
				DEVELOPMENT_TEAM = QKMT9QL887;
				GCC_C_LANGUAGE_STANDARD = gnu11;
				INFOPLIST_FILE = NDownloaderTest/Info.plist;
				IPHONEOS_DEPLOYMENT_TARGET = 11.2;
				LD_RUNPATH_SEARCH_PATHS = "$(inherited) @executable_path/Frameworks @loader_path/Frameworks";
				PRODUCT_BUNDLE_IDENTIFIER = com.seismicgames.NDownloaderTest;
				PRODUCT_NAME = "$(TARGET_NAME)";
				TARGETED_DEVICE_FAMILY = "1,2";
				VALID_ARCHS = arm64;
			};
			name = Debug;
		};
		D24C6EF32025003C004C2638 /* Release */ = {
			isa = XCBuildConfiguration;
			buildSettings = {
				CLANG_ANALYZER_NUMBER_OBJECT_CONVERSION = YES_AGGRESSIVE;
				CLANG_CXX_LANGUAGE_STANDARD = "gnu++14";
				CLANG_WARN_UNGUARDED_AVAILABILITY = YES_AGGRESSIVE;
				CODE_SIGN_IDENTITY = "iPhone Developer";
				CODE_SIGN_STYLE = Automatic;
				DEBUG_INFORMATION_FORMAT = "dwarf-with-dsym";
				DEVELOPMENT_TEAM = QKMT9QL887;
				GCC_C_LANGUAGE_STANDARD = gnu11;
				INFOPLIST_FILE = NDownloaderTest/Info.plist;
				IPHONEOS_DEPLOYMENT_TARGET = 11.2;
				LD_RUNPATH_SEARCH_PATHS = "$(inherited) @executable_path/Frameworks @loader_path/Frameworks";
				PRODUCT_BUNDLE_IDENTIFIER = com.seismicgames.NDownloaderTest;
				PRODUCT_NAME = "$(TARGET_NAME)";
				TARGETED_DEVICE_FAMILY = "1,2";
				VALID_ARCHS = arm64;
			};
			name = Release;
		};
/* End XCBuildConfiguration section */

/* Begin XCConfigurationList section */
		53EE65A71DB049FA00FFFE04 /* Build configuration list for PBXProject "iosdownloader" */ = {
			isa = XCConfigurationList;
			buildConfigurations = (
				53EE65B31DB049FA00FFFE04 /* Debug */,
				53EE65B41DB049FA00FFFE04 /* Release */,
			);
			defaultConfigurationIsVisible = 0;
			defaultConfigurationName = Release;
		};
		D20FCD2420228CF70078E6A7 /* Build configuration list for PBXNativeTarget "iosdownloader" */ = {
			isa = XCConfigurationList;
			buildConfigurations = (
				D20FCD2520228CF70078E6A7 /* Debug */,
				D20FCD2620228CF70078E6A7 /* Release */,
			);
			defaultConfigurationIsVisible = 0;
			defaultConfigurationName = Release;
		};
		D24C6EF12025003C004C2638 /* Build configuration list for PBXNativeTarget "NDownloaderTest" */ = {
			isa = XCConfigurationList;
			buildConfigurations = (
				D24C6EF22025003C004C2638 /* Debug */,
				D24C6EF32025003C004C2638 /* Release */,
			);
			defaultConfigurationIsVisible = 0;
			defaultConfigurationName = Release;
		};
/* End XCConfigurationList section */
	};
	rootObject = 53EE65A41DB049FA00FFFE04 /* Project object */;
}
